// !$*UTF8*$!
{
	archiveVersion = 1;
	classes = {
	};
	objectVersion = 46;
	objects = {

/* Begin PBXBuildFile section */
		ECCA60E21CF8224800227006 /* main.m in Sources */ = {isa = PBXBuildFile; fileRef = ECCA60E11CF8224800227006 /* main.m */; };
		ECCA60E51CF8224800227006 /* AppDelegate.m in Sources */ = {isa = PBXBuildFile; fileRef = ECCA60E41CF8224800227006 /* AppDelegate.m */; };
		ECCA60E81CF8224800227006 /* ViewController.m in Sources */ = {isa = PBXBuildFile; fileRef = ECCA60E71CF8224800227006 /* ViewController.m */; };
		ECCA60EB1CF8224800227006 /* Main.storyboard in Resources */ = {isa = PBXBuildFile; fileRef = ECCA60E91CF8224800227006 /* Main.storyboard */; };
		ECCA60ED1CF8224800227006 /* Assets.xcassets in Resources */ = {isa = PBXBuildFile; fileRef = ECCA60EC1CF8224800227006 /* Assets.xcassets */; };
		ECCA60F01CF8224800227006 /* LaunchScreen.storyboard in Resources */ = {isa = PBXBuildFile; fileRef = ECCA60EE1CF8224800227006 /* LaunchScreen.storyboard */; };
		ECCA60FB1CF8224900227006 /* __________Tests.m in Sources */ = {isa = PBXBuildFile; fileRef = ECCA60FA1CF8224900227006 /* __________Tests.m */; };
		ECCA61061CF8224900227006 /* __________UITests.m in Sources */ = {isa = PBXBuildFile; fileRef = ECCA61051CF8224900227006 /* __________UITests.m */; };
		ECCA61151CF8228300227006 /* RequestManager.m in Sources */ = {isa = PBXBuildFile; fileRef = ECCA61141CF8228300227006 /* RequestManager.m */; };
		ECCA61181CF8229500227006 /* CarouselView.m in Sources */ = {isa = PBXBuildFile; fileRef = ECCA61171CF8229500227006 /* CarouselView.m */; };
		ECCA613F1CF822A800227006 /* MKAnnotationView+WebCache.m in Sources */ = {isa = PBXBuildFile; fileRef = ECCA611B1CF822A700227006 /* MKAnnotationView+WebCache.m */; };
		ECCA61401CF822A800227006 /* NSData+GIF.m in Sources */ = {isa = PBXBuildFile; fileRef = ECCA611D1CF822A700227006 /* NSData+GIF.m */; };
		ECCA61411CF822A800227006 /* NSData+ImageContentType.m in Sources */ = {isa = PBXBuildFile; fileRef = ECCA611F1CF822A700227006 /* NSData+ImageContentType.m */; };
		ECCA61421CF822A800227006 /* SDImageCache.m in Sources */ = {isa = PBXBuildFile; fileRef = ECCA61211CF822A700227006 /* SDImageCache.m */; };
		ECCA61431CF822A800227006 /* SDWebImageCompat.m in Sources */ = {isa = PBXBuildFile; fileRef = ECCA61231CF822A800227006 /* SDWebImageCompat.m */; };
		ECCA61441CF822A800227006 /* SDWebImageDecoder.m in Sources */ = {isa = PBXBuildFile; fileRef = ECCA61251CF822A800227006 /* SDWebImageDecoder.m */; };
		ECCA61451CF822A800227006 /* SDWebImageDownloader.m in Sources */ = {isa = PBXBuildFile; fileRef = ECCA61271CF822A800227006 /* SDWebImageDownloader.m */; };
		ECCA61461CF822A800227006 /* SDWebImageDownloaderOperation.m in Sources */ = {isa = PBXBuildFile; fileRef = ECCA61291CF822A800227006 /* SDWebImageDownloaderOperation.m */; };
		ECCA61471CF822A800227006 /* SDWebImageManager+MJ.m in Sources */ = {isa = PBXBuildFile; fileRef = ECCA612B1CF822A800227006 /* SDWebImageManager+MJ.m */; };
		ECCA61481CF822A800227006 /* SDWebImageManager.m in Sources */ = {isa = PBXBuildFile; fileRef = ECCA612D1CF822A800227006 /* SDWebImageManager.m */; };
		ECCA61491CF822A800227006 /* SDWebImagePrefetcher.m in Sources */ = {isa = PBXBuildFile; fileRef = ECCA61301CF822A800227006 /* SDWebImagePrefetcher.m */; };
		ECCA614A1CF822A800227006 /* UIButton+WebCache.m in Sources */ = {isa = PBXBuildFile; fileRef = ECCA61321CF822A800227006 /* UIButton+WebCache.m */; };
		ECCA614B1CF822A800227006 /* UIImage+GIF.m in Sources */ = {isa = PBXBuildFile; fileRef = ECCA61341CF822A800227006 /* UIImage+GIF.m */; };
		ECCA614C1CF822A800227006 /* UIImage+MultiFormat.m in Sources */ = {isa = PBXBuildFile; fileRef = ECCA61361CF822A800227006 /* UIImage+MultiFormat.m */; };
		ECCA614D1CF822A800227006 /* UIImage+WebP.m in Sources */ = {isa = PBXBuildFile; fileRef = ECCA61381CF822A800227006 /* UIImage+WebP.m */; };
		ECCA614E1CF822A800227006 /* UIImageView+HighlightedWebCache.m in Sources */ = {isa = PBXBuildFile; fileRef = ECCA613A1CF822A800227006 /* UIImageView+HighlightedWebCache.m */; };
		ECCA614F1CF822A800227006 /* UIImageView+WebCache.m in Sources */ = {isa = PBXBuildFile; fileRef = ECCA613C1CF822A800227006 /* UIImageView+WebCache.m */; };
		ECCA61501CF822A800227006 /* UIView+WebCacheOperation.m in Sources */ = {isa = PBXBuildFile; fileRef = ECCA613E1CF822A800227006 /* UIView+WebCacheOperation.m */; };
		ECCA61531CF823E500227006 /* RadioCarouselModel.m in Sources */ = {isa = PBXBuildFile; fileRef = ECCA61521CF823E500227006 /* RadioCarouselModel.m */; };
/* End PBXBuildFile section */

/* Begin PBXContainerItemProxy section */
		ECCA60F71CF8224900227006 /* PBXContainerItemProxy */ = {
			isa = PBXContainerItemProxy;
			containerPortal = ECCA60D51CF8224800227006 /* Project object */;
			proxyType = 1;
			remoteGlobalIDString = ECCA60DC1CF8224800227006;
			remoteInfo = "定时器轮播图使用方式";
		};
		ECCA61021CF8224900227006 /* PBXContainerItemProxy */ = {
			isa = PBXContainerItemProxy;
			containerPortal = ECCA60D51CF8224800227006 /* Project object */;
			proxyType = 1;
			remoteGlobalIDString = ECCA60DC1CF8224800227006;
			remoteInfo = "定时器轮播图使用方式";
		};
/* End PBXContainerItemProxy section */

/* Begin PBXFileReference section */
		ECCA60DD1CF8224800227006 /* 定时器轮播图使用方式.app */ = {isa = PBXFileReference; explicitFileType = wrapper.application; includeInIndex = 0; path = "定时器轮播图使用方式.app"; sourceTree = BUILT_PRODUCTS_DIR; };
		ECCA60E11CF8224800227006 /* main.m */ = {isa = PBXFileReference; lastKnownFileType = sourcecode.c.objc; path = main.m; sourceTree = "<group>"; };
		ECCA60E31CF8224800227006 /* AppDelegate.h */ = {isa = PBXFileReference; lastKnownFileType = sourcecode.c.h; path = AppDelegate.h; sourceTree = "<group>"; };
		ECCA60E41CF8224800227006 /* AppDelegate.m */ = {isa = PBXFileReference; lastKnownFileType = sourcecode.c.objc; path = AppDelegate.m; sourceTree = "<group>"; };
		ECCA60E61CF8224800227006 /* ViewController.h */ = {isa = PBXFileReference; lastKnownFileType = sourcecode.c.h; path = ViewController.h; sourceTree = "<group>"; };
		ECCA60E71CF8224800227006 /* ViewController.m */ = {isa = PBXFileReference; lastKnownFileType = sourcecode.c.objc; path = ViewController.m; sourceTree = "<group>"; };
		ECCA60EA1CF8224800227006 /* Base */ = {isa = PBXFileReference; lastKnownFileType = file.storyboard; name = Base; path = Base.lproj/Main.storyboard; sourceTree = "<group>"; };
		ECCA60EC1CF8224800227006 /* Assets.xcassets */ = {isa = PBXFileReference; lastKnownFileType = folder.assetcatalog; path = Assets.xcassets; sourceTree = "<group>"; };
		ECCA60EF1CF8224800227006 /* Base */ = {isa = PBXFileReference; lastKnownFileType = file.storyboard; name = Base; path = Base.lproj/LaunchScreen.storyboard; sourceTree = "<group>"; };
		ECCA60F11CF8224800227006 /* Info.plist */ = {isa = PBXFileReference; lastKnownFileType = text.plist.xml; path = Info.plist; sourceTree = "<group>"; };
		ECCA60F61CF8224900227006 /* 定时器轮播图使用方式Tests.xctest */ = {isa = PBXFileReference; explicitFileType = wrapper.cfbundle; includeInIndex = 0; path = "定时器轮播图使用方式Tests.xctest"; sourceTree = BUILT_PRODUCTS_DIR; };
		ECCA60FA1CF8224900227006 /* __________Tests.m */ = {isa = PBXFileReference; lastKnownFileType = sourcecode.c.objc; path = "__________Tests.m"; sourceTree = "<group>"; };
		ECCA60FC1CF8224900227006 /* Info.plist */ = {isa = PBXFileReference; lastKnownFileType = text.plist.xml; path = Info.plist; sourceTree = "<group>"; };
		ECCA61011CF8224900227006 /* 定时器轮播图使用方式UITests.xctest */ = {isa = PBXFileReference; explicitFileType = wrapper.cfbundle; includeInIndex = 0; path = "定时器轮播图使用方式UITests.xctest"; sourceTree = BUILT_PRODUCTS_DIR; };
		ECCA61051CF8224900227006 /* __________UITests.m */ = {isa = PBXFileReference; lastKnownFileType = sourcecode.c.objc; path = "__________UITests.m"; sourceTree = "<group>"; };
		ECCA61071CF8224900227006 /* Info.plist */ = {isa = PBXFileReference; lastKnownFileType = text.plist.xml; path = Info.plist; sourceTree = "<group>"; };
		ECCA61131CF8228300227006 /* RequestManager.h */ = {isa = PBXFileReference; fileEncoding = 4; lastKnownFileType = sourcecode.c.h; path = RequestManager.h; sourceTree = "<group>"; };
		ECCA61141CF8228300227006 /* RequestManager.m */ = {isa = PBXFileReference; fileEncoding = 4; lastKnownFileType = sourcecode.c.objc; path = RequestManager.m; sourceTree = "<group>"; };
		ECCA61161CF8229500227006 /* CarouselView.h */ = {isa = PBXFileReference; fileEncoding = 4; lastKnownFileType = sourcecode.c.h; path = CarouselView.h; sourceTree = "<group>"; };
		ECCA61171CF8229500227006 /* CarouselView.m */ = {isa = PBXFileReference; fileEncoding = 4; lastKnownFileType = sourcecode.c.objc; path = CarouselView.m; sourceTree = "<group>"; };
		ECCA611A1CF822A700227006 /* MKAnnotationView+WebCache.h */ = {isa = PBXFileReference; fileEncoding = 4; lastKnownFileType = sourcecode.c.h; path = "MKAnnotationView+WebCache.h"; sourceTree = "<group>"; };
		ECCA611B1CF822A700227006 /* MKAnnotationView+WebCache.m */ = {isa = PBXFileReference; fileEncoding = 4; lastKnownFileType = sourcecode.c.objc; path = "MKAnnotationView+WebCache.m"; sourceTree = "<group>"; };
		ECCA611C1CF822A700227006 /* NSData+GIF.h */ = {isa = PBXFileReference; fileEncoding = 4; lastKnownFileType = sourcecode.c.h; path = "NSData+GIF.h"; sourceTree = "<group>"; };
		ECCA611D1CF822A700227006 /* NSData+GIF.m */ = {isa = PBXFileReference; fileEncoding = 4; lastKnownFileType = sourcecode.c.objc; path = "NSData+GIF.m"; sourceTree = "<group>"; };
		ECCA611E1CF822A700227006 /* NSData+ImageContentType.h */ = {isa = PBXFileReference; fileEncoding = 4; lastKnownFileType = sourcecode.c.h; path = "NSData+ImageContentType.h"; sourceTree = "<group>"; };
		ECCA611F1CF822A700227006 /* NSData+ImageContentType.m */ = {isa = PBXFileReference; fileEncoding = 4; lastKnownFileType = sourcecode.c.objc; path = "NSData+ImageContentType.m"; sourceTree = "<group>"; };
		ECCA61201CF822A700227006 /* SDImageCache.h */ = {isa = PBXFileReference; fileEncoding = 4; lastKnownFileType = sourcecode.c.h; path = SDImageCache.h; sourceTree = "<group>"; };
		ECCA61211CF822A700227006 /* SDImageCache.m */ = {isa = PBXFileReference; fileEncoding = 4; lastKnownFileType = sourcecode.c.objc; path = SDImageCache.m; sourceTree = "<group>"; };
		ECCA61221CF822A700227006 /* SDWebImageCompat.h */ = {isa = PBXFileReference; fileEncoding = 4; lastKnownFileType = sourcecode.c.h; path = SDWebImageCompat.h; sourceTree = "<group>"; };
		ECCA61231CF822A800227006 /* SDWebImageCompat.m */ = {isa = PBXFileReference; fileEncoding = 4; lastKnownFileType = sourcecode.c.objc; path = SDWebImageCompat.m; sourceTree = "<group>"; };
		ECCA61241CF822A800227006 /* SDWebImageDecoder.h */ = {isa = PBXFileReference; fileEncoding = 4; lastKnownFileType = sourcecode.c.h; path = SDWebImageDecoder.h; sourceTree = "<group>"; };
		ECCA61251CF822A800227006 /* SDWebImageDecoder.m */ = {isa = PBXFileReference; fileEncoding = 4; lastKnownFileType = sourcecode.c.objc; path = SDWebImageDecoder.m; sourceTree = "<group>"; };
		ECCA61261CF822A800227006 /* SDWebImageDownloader.h */ = {isa = PBXFileReference; fileEncoding = 4; lastKnownFileType = sourcecode.c.h; path = SDWebImageDownloader.h; sourceTree = "<group>"; };
		ECCA61271CF822A800227006 /* SDWebImageDownloader.m */ = {isa = PBXFileReference; fileEncoding = 4; lastKnownFileType = sourcecode.c.objc; path = SDWebImageDownloader.m; sourceTree = "<group>"; };
		ECCA61281CF822A800227006 /* SDWebImageDownloaderOperation.h */ = {isa = PBXFileReference; fileEncoding = 4; lastKnownFileType = sourcecode.c.h; path = SDWebImageDownloaderOperation.h; sourceTree = "<group>"; };
		ECCA61291CF822A800227006 /* SDWebImageDownloaderOperation.m */ = {isa = PBXFileReference; fileEncoding = 4; lastKnownFileType = sourcecode.c.objc; path = SDWebImageDownloaderOperation.m; sourceTree = "<group>"; };
		ECCA612A1CF822A800227006 /* SDWebImageManager+MJ.h */ = {isa = PBXFileReference; fileEncoding = 4; lastKnownFileType = sourcecode.c.h; path = "SDWebImageManager+MJ.h"; sourceTree = "<group>"; };
		ECCA612B1CF822A800227006 /* SDWebImageManager+MJ.m */ = {isa = PBXFileReference; fileEncoding = 4; lastKnownFileType = sourcecode.c.objc; path = "SDWebImageManager+MJ.m"; sourceTree = "<group>"; };
		ECCA612C1CF822A800227006 /* SDWebImageManager.h */ = {isa = PBXFileReference; fileEncoding = 4; lastKnownFileType = sourcecode.c.h; path = SDWebImageManager.h; sourceTree = "<group>"; };
		ECCA612D1CF822A800227006 /* SDWebImageManager.m */ = {isa = PBXFileReference; fileEncoding = 4; lastKnownFileType = sourcecode.c.objc; path = SDWebImageManager.m; sourceTree = "<group>"; };
		ECCA612E1CF822A800227006 /* SDWebImageOperation.h */ = {isa = PBXFileReference; fileEncoding = 4; lastKnownFileType = sourcecode.c.h; path = SDWebImageOperation.h; sourceTree = "<group>"; };
		ECCA612F1CF822A800227006 /* SDWebImagePrefetcher.h */ = {isa = PBXFileReference; fileEncoding = 4; lastKnownFileType = sourcecode.c.h; path = SDWebImagePrefetcher.h; sourceTree = "<group>"; };
		ECCA61301CF822A800227006 /* SDWebImagePrefetcher.m */ = {isa = PBXFileReference; fileEncoding = 4; lastKnownFileType = sourcecode.c.objc; path = SDWebImagePrefetcher.m; sourceTree = "<group>"; };
		ECCA61311CF822A800227006 /* UIButton+WebCache.h */ = {isa = PBXFileReference; fileEncoding = 4; lastKnownFileType = sourcecode.c.h; path = "UIButton+WebCache.h"; sourceTree = "<group>"; };
		ECCA61321CF822A800227006 /* UIButton+WebCache.m */ = {isa = PBXFileReference; fileEncoding = 4; lastKnownFileType = sourcecode.c.objc; path = "UIButton+WebCache.m"; sourceTree = "<group>"; };
		ECCA61331CF822A800227006 /* UIImage+GIF.h */ = {isa = PBXFileReference; fileEncoding = 4; lastKnownFileType = sourcecode.c.h; path = "UIImage+GIF.h"; sourceTree = "<group>"; };
		ECCA61341CF822A800227006 /* UIImage+GIF.m */ = {isa = PBXFileReference; fileEncoding = 4; lastKnownFileType = sourcecode.c.objc; path = "UIImage+GIF.m"; sourceTree = "<group>"; };
		ECCA61351CF822A800227006 /* UIImage+MultiFormat.h */ = {isa = PBXFileReference; fileEncoding = 4; lastKnownFileType = sourcecode.c.h; path = "UIImage+MultiFormat.h"; sourceTree = "<group>"; };
		ECCA61361CF822A800227006 /* UIImage+MultiFormat.m */ = {isa = PBXFileReference; fileEncoding = 4; lastKnownFileType = sourcecode.c.objc; path = "UIImage+MultiFormat.m"; sourceTree = "<group>"; };
		ECCA61371CF822A800227006 /* UIImage+WebP.h */ = {isa = PBXFileReference; fileEncoding = 4; lastKnownFileType = sourcecode.c.h; path = "UIImage+WebP.h"; sourceTree = "<group>"; };
		ECCA61381CF822A800227006 /* UIImage+WebP.m */ = {isa = PBXFileReference; fileEncoding = 4; lastKnownFileType = sourcecode.c.objc; path = "UIImage+WebP.m"; sourceTree = "<group>"; };
		ECCA61391CF822A800227006 /* UIImageView+HighlightedWebCache.h */ = {isa = PBXFileReference; fileEncoding = 4; lastKnownFileType = sourcecode.c.h; path = "UIImageView+HighlightedWebCache.h"; sourceTree = "<group>"; };
		ECCA613A1CF822A800227006 /* UIImageView+HighlightedWebCache.m */ = {isa = PBXFileReference; fileEncoding = 4; lastKnownFileType = sourcecode.c.objc; path = "UIImageView+HighlightedWebCache.m"; sourceTree = "<group>"; };
		ECCA613B1CF822A800227006 /* UIImageView+WebCache.h */ = {isa = PBXFileReference; fileEncoding = 4; lastKnownFileType = sourcecode.c.h; path = "UIImageView+WebCache.h"; sourceTree = "<group>"; };
		ECCA613C1CF822A800227006 /* UIImageView+WebCache.m */ = {isa = PBXFileReference; fileEncoding = 4; lastKnownFileType = sourcecode.c.objc; path = "UIImageView+WebCache.m"; sourceTree = "<group>"; };
		ECCA613D1CF822A800227006 /* UIView+WebCacheOperation.h */ = {isa = PBXFileReference; fileEncoding = 4; lastKnownFileType = sourcecode.c.h; path = "UIView+WebCacheOperation.h"; sourceTree = "<group>"; };
		ECCA613E1CF822A800227006 /* UIView+WebCacheOperation.m */ = {isa = PBXFileReference; fileEncoding = 4; lastKnownFileType = sourcecode.c.objc; path = "UIView+WebCacheOperation.m"; sourceTree = "<group>"; };
		ECCA61511CF823E500227006 /* RadioCarouselModel.h */ = {isa = PBXFileReference; fileEncoding = 4; lastKnownFileType = sourcecode.c.h; path = RadioCarouselModel.h; sourceTree = "<group>"; };
		ECCA61521CF823E500227006 /* RadioCarouselModel.m */ = {isa = PBXFileReference; fileEncoding = 4; lastKnownFileType = sourcecode.c.objc; path = RadioCarouselModel.m; sourceTree = "<group>"; };
/* End PBXFileReference section */

/* Begin PBXFrameworksBuildPhase section */
		ECCA60DA1CF8224800227006 /* Frameworks */ = {
			isa = PBXFrameworksBuildPhase;
			buildActionMask = 2147483647;
			files = (
			);
			runOnlyForDeploymentPostprocessing = 0;
		};
		ECCA60F31CF8224900227006 /* Frameworks */ = {
			isa = PBXFrameworksBuildPhase;
			buildActionMask = 2147483647;
			files = (
			);
			runOnlyForDeploymentPostprocessing = 0;
		};
		ECCA60FE1CF8224900227006 /* Frameworks */ = {
			isa = PBXFrameworksBuildPhase;
			buildActionMask = 2147483647;
			files = (
			);
			runOnlyForDeploymentPostprocessing = 0;
		};
/* End PBXFrameworksBuildPhase section */

/* Begin PBXGroup section */
		ECCA60D41CF8224800227006 = {
			isa = PBXGroup;
			children = (
				ECCA60DF1CF8224800227006 /* 定时器轮播图使用方式 */,
				ECCA60F91CF8224900227006 /* 定时器轮播图使用方式Tests */,
				ECCA61041CF8224900227006 /* 定时器轮播图使用方式UITests */,
				ECCA60DE1CF8224800227006 /* Products */,
			);
			sourceTree = "<group>";
		};
		ECCA60DE1CF8224800227006 /* Products */ = {
			isa = PBXGroup;
			children = (
				ECCA60DD1CF8224800227006 /* 定时器轮播图使用方式.app */,
				ECCA60F61CF8224900227006 /* 定时器轮播图使用方式Tests.xctest */,
				ECCA61011CF8224900227006 /* 定时器轮播图使用方式UITests.xctest */,
			);
			name = Products;
			sourceTree = "<group>";
		};
		ECCA60DF1CF8224800227006 /* 定时器轮播图使用方式 */ = {
			isa = PBXGroup;
			children = (
				ECCA60E31CF8224800227006 /* AppDelegate.h */,
				ECCA60E41CF8224800227006 /* AppDelegate.m */,
				ECCA60E61CF8224800227006 /* ViewController.h */,
				ECCA60E71CF8224800227006 /* ViewController.m */,
				ECCA61131CF8228300227006 /* RequestManager.h */,
				ECCA61141CF8228300227006 /* RequestManager.m */,
				ECCA61161CF8229500227006 /* CarouselView.h */,
				ECCA61171CF8229500227006 /* CarouselView.m */,
				ECCA61511CF823E500227006 /* RadioCarouselModel.h */,
				ECCA61521CF823E500227006 /* RadioCarouselModel.m */,
				ECCA61191CF822A700227006 /* SDWebImage */,
				ECCA60E91CF8224800227006 /* Main.storyboard */,
				ECCA60EC1CF8224800227006 /* Assets.xcassets */,
				ECCA60EE1CF8224800227006 /* LaunchScreen.storyboard */,
				ECCA60F11CF8224800227006 /* Info.plist */,
				ECCA60E01CF8224800227006 /* Supporting Files */,
			);
			path = "定时器轮播图使用方式";
			sourceTree = "<group>";
		};
		ECCA60E01CF8224800227006 /* Supporting Files */ = {
			isa = PBXGroup;
			children = (
				ECCA60E11CF8224800227006 /* main.m */,
			);
			name = "Supporting Files";
			sourceTree = "<group>";
		};
		ECCA60F91CF8224900227006 /* 定时器轮播图使用方式Tests */ = {
			isa = PBXGroup;
			children = (
				ECCA60FA1CF8224900227006 /* __________Tests.m */,
				ECCA60FC1CF8224900227006 /* Info.plist */,
			);
			path = "定时器轮播图使用方式Tests";
			sourceTree = "<group>";
		};
		ECCA61041CF8224900227006 /* 定时器轮播图使用方式UITests */ = {
			isa = PBXGroup;
			children = (
				ECCA61051CF8224900227006 /* __________UITests.m */,
				ECCA61071CF8224900227006 /* Info.plist */,
			);
			path = "定时器轮播图使用方式UITests";
			sourceTree = "<group>";
		};
		ECCA61191CF822A700227006 /* SDWebImage */ = {
			isa = PBXGroup;
			children = (
				ECCA611A1CF822A700227006 /* MKAnnotationView+WebCache.h */,
				ECCA611B1CF822A700227006 /* MKAnnotationView+WebCache.m */,
				ECCA611C1CF822A700227006 /* NSData+GIF.h */,
				ECCA611D1CF822A700227006 /* NSData+GIF.m */,
				ECCA611E1CF822A700227006 /* NSData+ImageContentType.h */,
				ECCA611F1CF822A700227006 /* NSData+ImageContentType.m */,
				ECCA61201CF822A700227006 /* SDImageCache.h */,
				ECCA61211CF822A700227006 /* SDImageCache.m */,
				ECCA61221CF822A700227006 /* SDWebImageCompat.h */,
				ECCA61231CF822A800227006 /* SDWebImageCompat.m */,
				ECCA61241CF822A800227006 /* SDWebImageDecoder.h */,
				ECCA61251CF822A800227006 /* SDWebImageDecoder.m */,
				ECCA61261CF822A800227006 /* SDWebImageDownloader.h */,
				ECCA61271CF822A800227006 /* SDWebImageDownloader.m */,
				ECCA61281CF822A800227006 /* SDWebImageDownloaderOperation.h */,
				ECCA61291CF822A800227006 /* SDWebImageDownloaderOperation.m */,
				ECCA612A1CF822A800227006 /* SDWebImageManager+MJ.h */,
				ECCA612B1CF822A800227006 /* SDWebImageManager+MJ.m */,
				ECCA612C1CF822A800227006 /* SDWebImageManager.h */,
				ECCA612D1CF822A800227006 /* SDWebImageManager.m */,
				ECCA612E1CF822A800227006 /* SDWebImageOperation.h */,
				ECCA612F1CF822A800227006 /* SDWebImagePrefetcher.h */,
				ECCA61301CF822A800227006 /* SDWebImagePrefetcher.m */,
				ECCA61311CF822A800227006 /* UIButton+WebCache.h */,
				ECCA61321CF822A800227006 /* UIButton+WebCache.m */,
				ECCA61331CF822A800227006 /* UIImage+GIF.h */,
				ECCA61341CF822A800227006 /* UIImage+GIF.m */,
				ECCA61351CF822A800227006 /* UIImage+MultiFormat.h */,
				ECCA61361CF822A800227006 /* UIImage+MultiFormat.m */,
				ECCA61371CF822A800227006 /* UIImage+WebP.h */,
				ECCA61381CF822A800227006 /* UIImage+WebP.m */,
				ECCA61391CF822A800227006 /* UIImageView+HighlightedWebCache.h */,
				ECCA613A1CF822A800227006 /* UIImageView+HighlightedWebCache.m */,
				ECCA613B1CF822A800227006 /* UIImageView+WebCache.h */,
				ECCA613C1CF822A800227006 /* UIImageView+WebCache.m */,
				ECCA613D1CF822A800227006 /* UIView+WebCacheOperation.h */,
				ECCA613E1CF822A800227006 /* UIView+WebCacheOperation.m */,
			);
			path = SDWebImage;
			sourceTree = "<group>";
		};
/* End PBXGroup section */

/* Begin PBXNativeTarget section */
		ECCA60DC1CF8224800227006 /* 定时器轮播图使用方式 */ = {
			isa = PBXNativeTarget;
			buildConfigurationList = ECCA610A1CF8224900227006 /* Build configuration list for PBXNativeTarget "定时器轮播图使用方式" */;
			buildPhases = (
				ECCA60D91CF8224800227006 /* Sources */,
				ECCA60DA1CF8224800227006 /* Frameworks */,
				ECCA60DB1CF8224800227006 /* Resources */,
			);
			buildRules = (
			);
			dependencies = (
			);
			name = "定时器轮播图使用方式";
			productName = "定时器轮播图使用方式";
			productReference = ECCA60DD1CF8224800227006 /* 定时器轮播图使用方式.app */;
			productType = "com.apple.product-type.application";
		};
		ECCA60F51CF8224900227006 /* 定时器轮播图使用方式Tests */ = {
			isa = PBXNativeTarget;
			buildConfigurationList = ECCA610D1CF8224900227006 /* Build configuration list for PBXNativeTarget "定时器轮播图使用方式Tests" */;
			buildPhases = (
				ECCA60F21CF8224900227006 /* Sources */,
				ECCA60F31CF8224900227006 /* Frameworks */,
				ECCA60F41CF8224900227006 /* Resources */,
			);
			buildRules = (
			);
			dependencies = (
				ECCA60F81CF8224900227006 /* PBXTargetDependency */,
			);
			name = "定时器轮播图使用方式Tests";
			productName = "定时器轮播图使用方式Tests";
			productReference = ECCA60F61CF8224900227006 /* 定时器轮播图使用方式Tests.xctest */;
			productType = "com.apple.product-type.bundle.unit-test";
		};
		ECCA61001CF8224900227006 /* 定时器轮播图使用方式UITests */ = {
			isa = PBXNativeTarget;
			buildConfigurationList = ECCA61101CF8224900227006 /* Build configuration list for PBXNativeTarget "定时器轮播图使用方式UITests" */;
			buildPhases = (
				ECCA60FD1CF8224900227006 /* Sources */,
				ECCA60FE1CF8224900227006 /* Frameworks */,
				ECCA60FF1CF8224900227006 /* Resources */,
			);
			buildRules = (
			);
			dependencies = (
				ECCA61031CF8224900227006 /* PBXTargetDependency */,
			);
			name = "定时器轮播图使用方式UITests";
			productName = "定时器轮播图使用方式UITests";
			productReference = ECCA61011CF8224900227006 /* 定时器轮播图使用方式UITests.xctest */;
			productType = "com.apple.product-type.bundle.ui-testing";
		};
/* End PBXNativeTarget section */

/* Begin PBXProject section */
		ECCA60D51CF8224800227006 /* Project object */ = {
			isa = PBXProject;
			attributes = {
				LastUpgradeCheck = 0720;
				ORGANIZATIONNAME = "盛辰";
				TargetAttributes = {
					ECCA60DC1CF8224800227006 = {
						CreatedOnToolsVersion = 7.2.1;
					};
					ECCA60F51CF8224900227006 = {
						CreatedOnToolsVersion = 7.2.1;
						TestTargetID = ECCA60DC1CF8224800227006;
					};
					ECCA61001CF8224900227006 = {
						CreatedOnToolsVersion = 7.2.1;
						TestTargetID = ECCA60DC1CF8224800227006;
					};
				};
			};
			buildConfigurationList = ECCA60D81CF8224800227006 /* Build configuration list for PBXProject "定时器轮播图使用方式" */;
			compatibilityVersion = "Xcode 3.2";
			developmentRegion = English;
			hasScannedForEncodings = 0;
			knownRegions = (
				en,
				Base,
			);
			mainGroup = ECCA60D41CF8224800227006;
			productRefGroup = ECCA60DE1CF8224800227006 /* Products */;
			projectDirPath = "";
			projectRoot = "";
			targets = (
				ECCA60DC1CF8224800227006 /* 定时器轮播图使用方式 */,
				ECCA60F51CF8224900227006 /* 定时器轮播图使用方式Tests */,
				ECCA61001CF8224900227006 /* 定时器轮播图使用方式UITests */,
			);
		};
/* End PBXProject section */

/* Begin PBXResourcesBuildPhase section */
		ECCA60DB1CF8224800227006 /* Resources */ = {
			isa = PBXResourcesBuildPhase;
			buildActionMask = 2147483647;
			files = (
				ECCA60F01CF8224800227006 /* LaunchScreen.storyboard in Resources */,
				ECCA60ED1CF8224800227006 /* Assets.xcassets in Resources */,
				ECCA60EB1CF8224800227006 /* Main.storyboard in Resources */,
			);
			runOnlyForDeploymentPostprocessing = 0;
		};
		ECCA60F41CF8224900227006 /* Resources */ = {
			isa = PBXResourcesBuildPhase;
			buildActionMask = 2147483647;
			files = (
			);
			runOnlyForDeploymentPostprocessing = 0;
		};
		ECCA60FF1CF8224900227006 /* Resources */ = {
			isa = PBXResourcesBuildPhase;
			buildActionMask = 2147483647;
			files = (
			);
			runOnlyForDeploymentPostprocessing = 0;
		};
/* End PBXResourcesBuildPhase section */

/* Begin PBXSourcesBuildPhase section */
		ECCA60D91CF8224800227006 /* Sources */ = {
			isa = PBXSourcesBuildPhase;
			buildActionMask = 2147483647;
			files = (
				ECCA614F1CF822A800227006 /* UIImageView+WebCache.m in Sources */,
				ECCA614B1CF822A800227006 /* UIImage+GIF.m in Sources */,
				ECCA60E81CF8224800227006 /* ViewController.m in Sources */,
				ECCA614A1CF822A800227006 /* UIButton+WebCache.m in Sources */,
				ECCA614C1CF822A800227006 /* UIImage+MultiFormat.m in Sources */,
				ECCA61491CF822A800227006 /* SDWebImagePrefetcher.m in Sources */,
				ECCA61421CF822A800227006 /* SDImageCache.m in Sources */,
				ECCA61501CF822A800227006 /* UIView+WebCacheOperation.m in Sources */,
				ECCA61471CF822A800227006 /* SDWebImageManager+MJ.m in Sources */,
				ECCA614D1CF822A800227006 /* UIImage+WebP.m in Sources */,
				ECCA61461CF822A800227006 /* SDWebImageDownloaderOperation.m in Sources */,
				ECCA60E51CF8224800227006 /* AppDelegate.m in Sources */,
				ECCA61411CF822A800227006 /* NSData+ImageContentType.m in Sources */,
				ECCA61451CF822A800227006 /* SDWebImageDownloader.m in Sources */,
				ECCA614E1CF822A800227006 /* UIImageView+HighlightedWebCache.m in Sources */,
				ECCA60E21CF8224800227006 /* main.m in Sources */,
				ECCA61441CF822A800227006 /* SDWebImageDecoder.m in Sources */,
				ECCA61181CF8229500227006 /* CarouselView.m in Sources */,
				ECCA61401CF822A800227006 /* NSData+GIF.m in Sources */,
				ECCA61431CF822A800227006 /* SDWebImageCompat.m in Sources */,
				ECCA61481CF822A800227006 /* SDWebImageManager.m in Sources */,
				ECCA61531CF823E500227006 /* RadioCarouselModel.m in Sources */,
				ECCA61151CF8228300227006 /* RequestManager.m in Sources */,
				ECCA613F1CF822A800227006 /* MKAnnotationView+WebCache.m in Sources */,
			);
			runOnlyForDeploymentPostprocessing = 0;
		};
		ECCA60F21CF8224900227006 /* Sources */ = {
			isa = PBXSourcesBuildPhase;
			buildActionMask = 2147483647;
			files = (
				ECCA60FB1CF8224900227006 /* __________Tests.m in Sources */,
			);
			runOnlyForDeploymentPostprocessing = 0;
		};
		ECCA60FD1CF8224900227006 /* Sources */ = {
			isa = PBXSourcesBuildPhase;
			buildActionMask = 2147483647;
			files = (
				ECCA61061CF8224900227006 /* __________UITests.m in Sources */,
			);
			runOnlyForDeploymentPostprocessing = 0;
		};
/* End PBXSourcesBuildPhase section */

/* Begin PBXTargetDependency section */
		ECCA60F81CF8224900227006 /* PBXTargetDependency */ = {
			isa = PBXTargetDependency;
			target = ECCA60DC1CF8224800227006 /* 定时器轮播图使用方式 */;
			targetProxy = ECCA60F71CF8224900227006 /* PBXContainerItemProxy */;
		};
		ECCA61031CF8224900227006 /* PBXTargetDependency */ = {
			isa = PBXTargetDependency;
			target = ECCA60DC1CF8224800227006 /* 定时器轮播图使用方式 */;
			targetProxy = ECCA61021CF8224900227006 /* PBXContainerItemProxy */;
		};
/* End PBXTargetDependency section */

/* Begin PBXVariantGroup section */
		ECCA60E91CF8224800227006 /* Main.storyboard */ = {
			isa = PBXVariantGroup;
			children = (
				ECCA60EA1CF8224800227006 /* Base */,
			);
			name = Main.storyboard;
			sourceTree = "<group>";
		};
		ECCA60EE1CF8224800227006 /* LaunchScreen.storyboard */ = {
			isa = PBXVariantGroup;
			children = (
				ECCA60EF1CF8224800227006 /* Base */,
			);
			name = LaunchScreen.storyboard;
			sourceTree = "<group>";
		};
/* End PBXVariantGroup section */

/* Begin XCBuildConfiguration section */
		ECCA61081CF8224900227006 /* Debug */ = {
			isa = XCBuildConfiguration;
			buildSettings = {
				ALWAYS_SEARCH_USER_PATHS = NO;
				CLANG_CXX_LANGUAGE_STANDARD = "gnu++0x";
				CLANG_CXX_LIBRARY = "libc++";
				CLANG_ENABLE_MODULES = YES;
				CLANG_ENABLE_OBJC_ARC = YES;
				CLANG_WARN_BOOL_CONVERSION = YES;
				CLANG_WARN_CONSTANT_CONVERSION = YES;
				CLANG_WARN_DIRECT_OBJC_ISA_USAGE = YES_ERROR;
				CLANG_WARN_EMPTY_BODY = YES;
				CLANG_WARN_ENUM_CONVERSION = YES;
				CLANG_WARN_INT_CONVERSION = YES;
				CLANG_WARN_OBJC_ROOT_CLASS = YES_ERROR;
				CLANG_WARN_UNREACHABLE_CODE = YES;
				CLANG_WARN__DUPLICATE_METHOD_MATCH = YES;
				"CODE_SIGN_IDENTITY[sdk=iphoneos*]" = "iPhone Developer";
				COPY_PHASE_STRIP = NO;
				DEBUG_INFORMATION_FORMAT = dwarf;
				ENABLE_STRICT_OBJC_MSGSEND = YES;
				ENABLE_TESTABILITY = YES;
				GCC_C_LANGUAGE_STANDARD = gnu99;
				GCC_DYNAMIC_NO_PIC = NO;
				GCC_NO_COMMON_BLOCKS = YES;
				GCC_OPTIMIZATION_LEVEL = 0;
				GCC_PREPROCESSOR_DEFINITIONS = (
					"DEBUG=1",
					"$(inherited)",
				);
				GCC_WARN_64_TO_32_BIT_CONVERSION = YES;
				GCC_WARN_ABOUT_RETURN_TYPE = YES_ERROR;
				GCC_WARN_UNDECLARED_SELECTOR = YES;
				GCC_WARN_UNINITIALIZED_AUTOS = YES_AGGRESSIVE;
				GCC_WARN_UNUSED_FUNCTION = YES;
				GCC_WARN_UNUSED_VARIABLE = YES;
				IPHONEOS_DEPLOYMENT_TARGET = 9.2;
				MTL_ENABLE_DEBUG_INFO = YES;
				ONLY_ACTIVE_ARCH = YES;
				SDKROOT = iphoneos;
			};
			name = Debug;
		};
		ECCA61091CF8224900227006 /* Release */ = {
			isa = XCBuildConfiguration;
			buildSettings = {
				ALWAYS_SEARCH_USER_PATHS = NO;
				CLANG_CXX_LANGUAGE_STANDARD = "gnu++0x";
				CLANG_CXX_LIBRARY = "libc++";
				CLANG_ENABLE_MODULES = YES;
				CLANG_ENABLE_OBJC_ARC = YES;
				CLANG_WARN_BOOL_CONVERSION = YES;
				CLANG_WARN_CONSTANT_CONVERSION = YES;
				CLANG_WARN_DIRECT_OBJC_ISA_USAGE = YES_ERROR;
				CLANG_WARN_EMPTY_BODY = YES;
				CLANG_WARN_ENUM_CONVERSION = YES;
				CLANG_WARN_INT_CONVERSION = YES;
				CLANG_WARN_OBJC_ROOT_CLASS = YES_ERROR;
				CLANG_WARN_UNREACHABLE_CODE = YES;
				CLANG_WARN__DUPLICATE_METHOD_MATCH = YES;
				"CODE_SIGN_IDENTITY[sdk=iphoneos*]" = "iPhone Developer";
				COPY_PHASE_STRIP = NO;
				DEBUG_INFORMATION_FORMAT = "dwarf-with-dsym";
				ENABLE_NS_ASSERTIONS = NO;
				ENABLE_STRICT_OBJC_MSGSEND = YES;
				GCC_C_LANGUAGE_STANDARD = gnu99;
				GCC_NO_COMMON_BLOCKS = YES;
				GCC_WARN_64_TO_32_BIT_CONVERSION = YES;
				GCC_WARN_ABOUT_RETURN_TYPE = YES_ERROR;
				GCC_WARN_UNDECLARED_SELECTOR = YES;
				GCC_WARN_UNINITIALIZED_AUTOS = YES_AGGRESSIVE;
				GCC_WARN_UNUSED_FUNCTION = YES;
				GCC_WARN_UNUSED_VARIABLE = YES;
				IPHONEOS_DEPLOYMENT_TARGET = 9.2;
				MTL_ENABLE_DEBUG_INFO = NO;
				SDKROOT = iphoneos;
				VALIDATE_PRODUCT = YES;
			};
			name = Release;
		};
		ECCA610B1CF8224900227006 /* Debug */ = {
			isa = XCBuildConfiguration;
			buildSettings = {
				ASSETCATALOG_COMPILER_APPICON_NAME = AppIcon;
				INFOPLIST_FILE = "定时器轮播图使用方式/Info.plist";
				LD_RUNPATH_SEARCH_PATHS = "$(inherited) @executable_path/Frameworks";
				PRODUCT_BUNDLE_IDENTIFIER = "cn.ShengChen.----------";
				PRODUCT_NAME = "$(TARGET_NAME)";
			};
			name = Debug;
		};
		ECCA610C1CF8224900227006 /* Release */ = {
			isa = XCBuildConfiguration;
			buildSettings = {
				ASSETCATALOG_COMPILER_APPICON_NAME = AppIcon;
				INFOPLIST_FILE = "定时器轮播图使用方式/Info.plist";
				LD_RUNPATH_SEARCH_PATHS = "$(inherited) @executable_path/Frameworks";
				PRODUCT_BUNDLE_IDENTIFIER = "cn.ShengChen.----------";
				PRODUCT_NAME = "$(TARGET_NAME)";
			};
			name = Release;
		};
		ECCA610E1CF8224900227006 /* Debug */ = {
			isa = XCBuildConfiguration;
			buildSettings = {
				BUNDLE_LOADER = "$(TEST_HOST)";
				INFOPLIST_FILE = "定时器轮播图使用方式Tests/Info.plist";
				LD_RUNPATH_SEARCH_PATHS = "$(inherited) @executable_path/Frameworks @loader_path/Frameworks";
				PRODUCT_BUNDLE_IDENTIFIER = "cn.ShengChen.----------Tests";
				PRODUCT_NAME = "$(TARGET_NAME)";
				TEST_HOST = "$(BUILT_PRODUCTS_DIR)/定时器轮播图使用方式.app/定时器轮播图使用方式";
			};
			name = Debug;
		};
		ECCA610F1CF8224900227006 /* Release */ = {
			isa = XCBuildConfiguration;
			buildSettings = {
				BUNDLE_LOADER = "$(TEST_HOST)";
				INFOPLIST_FILE = "定时器轮播图使用方式Tests/Info.plist";
				LD_RUNPATH_SEARCH_PATHS = "$(inherited) @executable_path/Frameworks @loader_path/Frameworks";
				PRODUCT_BUNDLE_IDENTIFIER = "cn.ShengChen.----------Tests";
				PRODUCT_NAME = "$(TARGET_NAME)";
				TEST_HOST = "$(BUILT_PRODUCTS_DIR)/定时器轮播图使用方式.app/定时器轮播图使用方式";
			};
			name = Release;
		};
		ECCA61111CF8224900227006 /* Debug */ = {
			isa = XCBuildConfiguration;
			buildSettings = {
				INFOPLIST_FILE = "定时器轮播图使用方式UITests/Info.plist";
				LD_RUNPATH_SEARCH_PATHS = "$(inherited) @executable_path/Frameworks @loader_path/Frameworks";
				PRODUCT_BUNDLE_IDENTIFIER = "cn.ShengChen.----------UITests";
				PRODUCT_NAME = "$(TARGET_NAME)";
				TEST_TARGET_NAME = "定时器轮播图使用方式";
				USES_XCTRUNNER = YES;
			};
			name = Debug;
		};
		ECCA61121CF8224900227006 /* Release */ = {
			isa = XCBuildConfiguration;
			buildSettings = {
				INFOPLIST_FILE = "定时器轮播图使用方式UITests/Info.plist";
				LD_RUNPATH_SEARCH_PATHS = "$(inherited) @executable_path/Frameworks @loader_path/Frameworks";
				PRODUCT_BUNDLE_IDENTIFIER = "cn.ShengChen.----------UITests";
				PRODUCT_NAME = "$(TARGET_NAME)";
				TEST_TARGET_NAME = "定时器轮播图使用方式";
				USES_XCTRUNNER = YES;
			};
			name = Release;
		};
/* End XCBuildConfiguration section */

/* Begin XCConfigurationList section */
		ECCA60D81CF8224800227006 /* Build configuration list for PBXProject "定时器轮播图使用方式" */ = {
			isa = XCConfigurationList;
			buildConfigurations = (
				ECCA61081CF8224900227006 /* Debug */,
				ECCA61091CF8224900227006 /* Release */,
			);
			defaultConfigurationIsVisible = 0;
			defaultConfigurationName = Release;
		};
		ECCA610A1CF8224900227006 /* Build configuration list for PBXNativeTarget "定时器轮播图使用方式" */ = {
			isa = XCConfigurationList;
			buildConfigurations = (
				ECCA610B1CF8224900227006 /* Debug */,
				ECCA610C1CF8224900227006 /* Release */,
			);
			defaultConfigurationIsVisible = 0;
		};
		ECCA610D1CF8224900227006 /* Build configuration list for PBXNativeTarget "定时器轮播图使用方式Tests" */ = {
			isa = XCConfigurationList;
			buildConfigurations = (
				ECCA610E1CF8224900227006 /* Debug */,
				ECCA610F1CF8224900227006 /* Release */,
			);
			defaultConfigurationIsVisible = 0;
		};
		ECCA61101CF8224900227006 /* Build configuration list for PBXNativeTarget "定时器轮播图使用方式UITests" */ = {
			isa = XCConfigurationList;
			buildConfigurations = (
				ECCA61111CF8224900227006 /* Debug */,
				ECCA61121CF8224900227006 /* Release */,
			);
			defaultConfigurationIsVisible = 0;
		};
/* End XCConfigurationList section */
	};
	rootObject = ECCA60D51CF8224800227006 /* Project object */;
}
